
Microsoft Visual Studio Solution File, Format Version 12.00
# Visual Studio 14
VisualStudioVersion = 14.0.24720.0
MinimumVisualStudioVersion = 10.0.40219.1
Project("{FAE04EC0-301F-11D3-BF4B-00C04F79EFBC}") = "VgaTester", "VgaTester\VgaTester.csproj", "{BCB4F163-68C6-41E2-85E6-F9CAB89344CC}"
EndProject
Global
	GlobalSection(SolutionConfigurationPlatforms) = preSolution
		Debug|Any CPU = Debug|Any CPU
		Release|Any CPU = Release|Any CPU
	EndGlobalSection
	GlobalSection(ProjectConfigurationPlatforms) = postSolution
		{BCB4F163-68C6-41E2-85E6-F9CAB89344CC}.Debug|Any CPU.ActiveCfg = Debug|Any CPU
		{BCB4F163-68C6-41E2-85E6-F9CAB89344CC}.Debug|Any CPU.Build.0 = Debug|Any CPU
		{BCB4F163-68C6-41E2-85E6-F9CAB89344CC}.Release|Any CPU.ActiveCfg = Release|Any CPU
		{BCB4F163-68C6-41E2-85E6-F9CAB89344CC}.Release|Any CPU.Build.0 = Release|Any CPU
	EndGlobalSection
	GlobalSection(SolutionProperties) = preSolution
		HideSolutionNode = FALSE
	EndGlobalSection
EndGlobal
